
Microsoft Visual Studio Solution File, Format Version 12.00
# Visual Studio Version 17
VisualStudioVersion = 17.13.35931.197
MinimumVisualStudioVersion = 10.0.40219.1
Project("{FAE04EC0-301F-11D3-BF4B-00C04F79EFBC}") = "01_HelloWorld", "01_HelloWorld\01_HelloWorld.csproj", "{E5A1F33A-727A-4ED4-A61B-1DEDB8D8D88B}"
EndProject
Project("{FAE04EC0-301F-11D3-BF4B-00C04F79EFBC}") = "02_Output", "02_Output\02_Output.csproj", "{956A7759-A344-4295-BB95-BB037C3B6F0A}"
EndProject
Project("{FAE04EC0-301F-11D3-BF4B-00C04F79EFBC}") = "03_Variables", "03_Variables\03_Variables.csproj", "{4A052C9E-4E13-4900-904D-D8DC33B85744}"
EndProject
Project("{FAE04EC0-301F-11D3-BF4B-00C04F79EFBC}") = "04_Constants π", "04_Constants π\04_Constants π.csproj", "{F0F8603C-8D7C-495F-B66E-2CDEF48895BF}"
EndProject
Project("{FAE04EC0-301F-11D3-BF4B-00C04F79EFBC}") = "05_TypeCasting", "05_TypeCasting\05_TypeCasting.csproj", "{2403A2B3-DF9E-4739-B2B6-A0D9C2F75085}"
EndProject
Project("{FAE04EC0-301F-11D3-BF4B-00C04F79EFBC}") = "06_UserInput", "06_UserInput\06_UserInput.csproj", "{A7C14C81-BF07-42BC-8EF7-F86B489367D5}"
EndProject
Project("{FAE04EC0-301F-11D3-BF4B-00C04F79EFBC}") = "07_ArithmeticOperators", "07_ArithmeticOperators\07_ArithmeticOperators.csproj", "{050B07F2-62D8-4897-8588-FB6D6494DF78}"
EndProject
Project("{FAE04EC0-301F-11D3-BF4B-00C04F79EFBC}") = "08_MathClass", "08_MathClass\08_MathClass.csproj", "{0FE4ACBE-BBEA-4F3B-8390-F42DB908B9DE}"
EndProject
Project("{FAE04EC0-301F-11D3-BF4B-00C04F79EFBC}") = "09_RandomNumbers", "09_RandomNumbers\09_RandomNumbers.csproj", "{8F615A52-74B5-49E0-9659-66CB89EC3587}"
EndProject
Project("{FAE04EC0-301F-11D3-BF4B-00C04F79EFBC}") = "10_HypotenuseCalculatorProgram", "10_HypotenuseCalculatorProgram\10_HypotenuseCalculatorProgram.csproj", "{0EFDBFF0-EEF9-493A-8688-74C4C69F0A8D}"
EndProject
Project("{FAE04EC0-301F-11D3-BF4B-00C04F79EFBC}") = "11_StringMethods", "11_StringMethods\11_StringMethods.csproj", "{C6C6C9EB-C816-4EC1-9443-B1A70E9C7E1A}"
EndProject
Project("{FAE04EC0-301F-11D3-BF4B-00C04F79EFBC}") = "12_IfStatements", "12_IfStatements\12_IfStatements.csproj", "{4F516948-9BDB-4966-B636-E34B1B803D0F}"
EndProject
Project("{FAE04EC0-301F-11D3-BF4B-00C04F79EFBC}") = "13_Switches", "13_Switches\13_Switches.csproj", "{B0E4DC47-1825-43CE-9DDF-DDCE880BC64A}"
EndProject
Project("{FAE04EC0-301F-11D3-BF4B-00C04F79EFBC}") = "14_LogicalOperators&&", "14_LogicalOperators&&\14_LogicalOperators&&.csproj", "{6724D9AA-EE8E-4FF0-8D32-F39513068802}"
EndProject
Project("{FAE04EC0-301F-11D3-BF4B-00C04F79EFBC}") = "15_WhileLoops", "15_WhileLoops\15_WhileLoops.csproj", "{6CEBB690-77F3-4D3D-98C5-B1988B2DFA1A}"
EndProject
Project("{FAE04EC0-301F-11D3-BF4B-00C04F79EFBC}") = "16_ForLoops", "16_ForLoops\16_ForLoops.csproj", "{12080BA3-EA5C-4065-81CA-AF84717DB552}"
EndProject
Project("{FAE04EC0-301F-11D3-BF4B-00C04F79EFBC}") = "17_NestedLoops", "17_NestedLoops\17_NestedLoops.csproj", "{99250F43-2747-481F-8CDD-570B0ADE870C}"
EndProject
Project("{FAE04EC0-301F-11D3-BF4B-00C04F79EFBC}") = "18_NumberGuessingGame", "18_NumberGuessingGame\18_NumberGuessingGame.csproj", "{D748960F-7B80-4500-BAF1-3CE5E7AD1191}"
EndProject
Project("{FAE04EC0-301F-11D3-BF4B-00C04F79EFBC}") = "19_Rock-Paper-ScissorGame", "19_Rock-Paper-ScissorGame\19_Rock-Paper-ScissorGame.csproj", "{C1311942-D9DA-4F5F-8976-A12437E2A27C}"
EndProject
Project("{FAE04EC0-301F-11D3-BF4B-00C04F79EFBC}") = "20_CalculatorProgram", "20_CalculatorProgram\20_CalculatorProgram.csproj", "{B83EC8DC-979E-4134-85A6-F8C3BB8466F4}"
EndProject
Project("{FAE04EC0-301F-11D3-BF4B-00C04F79EFBC}") = "21_Arrays", "21_Arrays\21_Arrays.csproj", "{12372498-641D-4174-8898-324041878FF6}"
EndProject
Project("{FAE04EC0-301F-11D3-BF4B-00C04F79EFBC}") = "22_ForeachLoop", "22_ForeachLoop\22_ForeachLoop.csproj", "{99274AF5-0280-474F-AE10-2B7CCE7D5BBE}"
EndProject
Project("{FAE04EC0-301F-11D3-BF4B-00C04F79EFBC}") = "23_Methods", "23_Methods\23_Methods.csproj", "{5D6EC4F8-6CC8-4873-A1BD-641CA42B3E05}"
EndProject
Project("{FAE04EC0-301F-11D3-BF4B-00C04F79EFBC}") = "24_ReturnKeywords", "24_ReturnKeywords\24_ReturnKeywords.csproj", "{E185E309-8236-41C5-9732-02CBBCDF240E}"
EndProject
Project("{FAE04EC0-301F-11D3-BF4B-00C04F79EFBC}") = "25_MethodOverloading", "25_MethodOverloading\25_MethodOverloading.csproj", "{7893263D-4E59-4C16-AB16-7915D084D066}"
EndProject
Project("{FAE04EC0-301F-11D3-BF4B-00C04F79EFBC}") = "26_ParamsKeyword", "26_ParamsKeyword\26_ParamsKeyword.csproj", "{C2C00F16-EABD-440D-97EC-01EA16595CA4}"
EndProject
Project("{FAE04EC0-301F-11D3-BF4B-00C04F79EFBC}") = "27_ExceptionHandling", "27_ExceptionHandling\27_ExceptionHandling.csproj", "{43A56EF1-4AD2-4391-971F-E29F0387F13D}"
EndProject
Project("{FAE04EC0-301F-11D3-BF4B-00C04F79EFBC}") = "28_ConditionalOperator", "28_ConditionalOperator\28_ConditionalOperator.csproj", "{41D335BC-2AB3-4A75-A52B-84BB839E55FB}"
EndProject
Project("{FAE04EC0-301F-11D3-BF4B-00C04F79EFBC}") = "29_StringInterpolation", "29_StringInterpolation\29_StringInterpolation.csproj", "{C5020FFF-4B70-44ED-BF5A-B0A09EE0217C}"
EndProject
Global
	GlobalSection(SolutionConfigurationPlatforms) = preSolution
		Debug|Any CPU = Debug|Any CPU
		Release|Any CPU = Release|Any CPU
	EndGlobalSection
	GlobalSection(ProjectConfigurationPlatforms) = postSolution
		{E5A1F33A-727A-4ED4-A61B-1DEDB8D8D88B}.Debug|Any CPU.ActiveCfg = Debug|Any CPU
		{E5A1F33A-727A-4ED4-A61B-1DEDB8D8D88B}.Debug|Any CPU.Build.0 = Debug|Any CPU
		{E5A1F33A-727A-4ED4-A61B-1DEDB8D8D88B}.Release|Any CPU.ActiveCfg = Release|Any CPU
		{E5A1F33A-727A-4ED4-A61B-1DEDB8D8D88B}.Release|Any CPU.Build.0 = Release|Any CPU
		{956A7759-A344-4295-BB95-BB037C3B6F0A}.Debug|Any CPU.ActiveCfg = Debug|Any CPU
		{956A7759-A344-4295-BB95-BB037C3B6F0A}.Debug|Any CPU.Build.0 = Debug|Any CPU
		{956A7759-A344-4295-BB95-BB037C3B6F0A}.Release|Any CPU.ActiveCfg = Release|Any CPU
		{956A7759-A344-4295-BB95-BB037C3B6F0A}.Release|Any CPU.Build.0 = Release|Any CPU
		{4A052C9E-4E13-4900-904D-D8DC33B85744}.Debug|Any CPU.ActiveCfg = Debug|Any CPU
		{4A052C9E-4E13-4900-904D-D8DC33B85744}.Debug|Any CPU.Build.0 = Debug|Any CPU
		{4A052C9E-4E13-4900-904D-D8DC33B85744}.Release|Any CPU.ActiveCfg = Release|Any CPU
		{4A052C9E-4E13-4900-904D-D8DC33B85744}.Release|Any CPU.Build.0 = Release|Any CPU
		{F0F8603C-8D7C-495F-B66E-2CDEF48895BF}.Debug|Any CPU.ActiveCfg = Debug|Any CPU
		{F0F8603C-8D7C-495F-B66E-2CDEF48895BF}.Debug|Any CPU.Build.0 = Debug|Any CPU
		{F0F8603C-8D7C-495F-B66E-2CDEF48895BF}.Release|Any CPU.ActiveCfg = Release|Any CPU
		{F0F8603C-8D7C-495F-B66E-2CDEF48895BF}.Release|Any CPU.Build.0 = Release|Any CPU
		{2403A2B3-DF9E-4739-B2B6-A0D9C2F75085}.Debug|Any CPU.ActiveCfg = Debug|Any CPU
		{2403A2B3-DF9E-4739-B2B6-A0D9C2F75085}.Debug|Any CPU.Build.0 = Debug|Any CPU
		{2403A2B3-DF9E-4739-B2B6-A0D9C2F75085}.Release|Any CPU.ActiveCfg = Release|Any CPU
		{2403A2B3-DF9E-4739-B2B6-A0D9C2F75085}.Release|Any CPU.Build.0 = Release|Any CPU
		{A7C14C81-BF07-42BC-8EF7-F86B489367D5}.Debug|Any CPU.ActiveCfg = Debug|Any CPU
		{A7C14C81-BF07-42BC-8EF7-F86B489367D5}.Debug|Any CPU.Build.0 = Debug|Any CPU
		{A7C14C81-BF07-42BC-8EF7-F86B489367D5}.Release|Any CPU.ActiveCfg = Release|Any CPU
		{A7C14C81-BF07-42BC-8EF7-F86B489367D5}.Release|Any CPU.Build.0 = Release|Any CPU
		{050B07F2-62D8-4897-8588-FB6D6494DF78}.Debug|Any CPU.ActiveCfg = Debug|Any CPU
		{050B07F2-62D8-4897-8588-FB6D6494DF78}.Debug|Any CPU.Build.0 = Debug|Any CPU
		{050B07F2-62D8-4897-8588-FB6D6494DF78}.Release|Any CPU.ActiveCfg = Release|Any CPU
		{050B07F2-62D8-4897-8588-FB6D6494DF78}.Release|Any CPU.Build.0 = Release|Any CPU
		{0FE4ACBE-BBEA-4F3B-8390-F42DB908B9DE}.Debug|Any CPU.ActiveCfg = Debug|Any CPU
		{0FE4ACBE-BBEA-4F3B-8390-F42DB908B9DE}.Debug|Any CPU.Build.0 = Debug|Any CPU
		{0FE4ACBE-BBEA-4F3B-8390-F42DB908B9DE}.Release|Any CPU.ActiveCfg = Release|Any CPU
		{0FE4ACBE-BBEA-4F3B-8390-F42DB908B9DE}.Release|Any CPU.Build.0 = Release|Any CPU
		{8F615A52-74B5-49E0-9659-66CB89EC3587}.Debug|Any CPU.ActiveCfg = Debug|Any CPU
		{8F615A52-74B5-49E0-9659-66CB89EC3587}.Debug|Any CPU.Build.0 = Debug|Any CPU
		{8F615A52-74B5-49E0-9659-66CB89EC3587}.Release|Any CPU.ActiveCfg = Release|Any CPU
		{8F615A52-74B5-49E0-9659-66CB89EC3587}.Release|Any CPU.Build.0 = Release|Any CPU
		{0EFDBFF0-EEF9-493A-8688-74C4C69F0A8D}.Debug|Any CPU.ActiveCfg = Debug|Any CPU
		{0EFDBFF0-EEF9-493A-8688-74C4C69F0A8D}.Debug|Any CPU.Build.0 = Debug|Any CPU
		{0EFDBFF0-EEF9-493A-8688-74C4C69F0A8D}.Release|Any CPU.ActiveCfg = Release|Any CPU
		{0EFDBFF0-EEF9-493A-8688-74C4C69F0A8D}.Release|Any CPU.Build.0 = Release|Any CPU
		{C6C6C9EB-C816-4EC1-9443-B1A70E9C7E1A}.Debug|Any CPU.ActiveCfg = Debug|Any CPU
		{C6C6C9EB-C816-4EC1-9443-B1A70E9C7E1A}.Debug|Any CPU.Build.0 = Debug|Any CPU
		{C6C6C9EB-C816-4EC1-9443-B1A70E9C7E1A}.Release|Any CPU.ActiveCfg = Release|Any CPU
		{C6C6C9EB-C816-4EC1-9443-B1A70E9C7E1A}.Release|Any CPU.Build.0 = Release|Any CPU
		{4F516948-9BDB-4966-B636-E34B1B803D0F}.Debug|Any CPU.ActiveCfg = Debug|Any CPU
		{4F516948-9BDB-4966-B636-E34B1B803D0F}.Debug|Any CPU.Build.0 = Debug|Any CPU
		{4F516948-9BDB-4966-B636-E34B1B803D0F}.Release|Any CPU.ActiveCfg = Release|Any CPU
		{4F516948-9BDB-4966-B636-E34B1B803D0F}.Release|Any CPU.Build.0 = Release|Any CPU
		{B0E4DC47-1825-43CE-9DDF-DDCE880BC64A}.Debug|Any CPU.ActiveCfg = Debug|Any CPU
		{B0E4DC47-1825-43CE-9DDF-DDCE880BC64A}.Debug|Any CPU.Build.0 = Debug|Any CPU
		{B0E4DC47-1825-43CE-9DDF-DDCE880BC64A}.Release|Any CPU.ActiveCfg = Release|Any CPU
		{B0E4DC47-1825-43CE-9DDF-DDCE880BC64A}.Release|Any CPU.Build.0 = Release|Any CPU
		{6724D9AA-EE8E-4FF0-8D32-F39513068802}.Debug|Any CPU.ActiveCfg = Debug|Any CPU
		{6724D9AA-EE8E-4FF0-8D32-F39513068802}.Debug|Any CPU.Build.0 = Debug|Any CPU
		{6724D9AA-EE8E-4FF0-8D32-F39513068802}.Release|Any CPU.ActiveCfg = Release|Any CPU
		{6724D9AA-EE8E-4FF0-8D32-F39513068802}.Release|Any CPU.Build.0 = Release|Any CPU
		{6CEBB690-77F3-4D3D-98C5-B1988B2DFA1A}.Debug|Any CPU.ActiveCfg = Debug|Any CPU
		{6CEBB690-77F3-4D3D-98C5-B1988B2DFA1A}.Debug|Any CPU.Build.0 = Debug|Any CPU
		{6CEBB690-77F3-4D3D-98C5-B1988B2DFA1A}.Release|Any CPU.ActiveCfg = Release|Any CPU
		{6CEBB690-77F3-4D3D-98C5-B1988B2DFA1A}.Release|Any CPU.Build.0 = Release|Any CPU
		{12080BA3-EA5C-4065-81CA-AF84717DB552}.Debug|Any CPU.ActiveCfg = Debug|Any CPU
		{12080BA3-EA5C-4065-81CA-AF84717DB552}.Debug|Any CPU.Build.0 = Debug|Any CPU
		{12080BA3-EA5C-4065-81CA-AF84717DB552}.Release|Any CPU.ActiveCfg = Release|Any CPU
		{12080BA3-EA5C-4065-81CA-AF84717DB552}.Release|Any CPU.Build.0 = Release|Any CPU
		{99250F43-2747-481F-8CDD-570B0ADE870C}.Debug|Any CPU.ActiveCfg = Debug|Any CPU
		{99250F43-2747-481F-8CDD-570B0ADE870C}.Debug|Any CPU.Build.0 = Debug|Any CPU
		{99250F43-2747-481F-8CDD-570B0ADE870C}.Release|Any CPU.ActiveCfg = Release|Any CPU
		{99250F43-2747-481F-8CDD-570B0ADE870C}.Release|Any CPU.Build.0 = Release|Any CPU
		{D748960F-7B80-4500-BAF1-3CE5E7AD1191}.Debug|Any CPU.ActiveCfg = Debug|Any CPU
		{D748960F-7B80-4500-BAF1-3CE5E7AD1191}.Debug|Any CPU.Build.0 = Debug|Any CPU
		{D748960F-7B80-4500-BAF1-3CE5E7AD1191}.Release|Any CPU.ActiveCfg = Release|Any CPU
		{D748960F-7B80-4500-BAF1-3CE5E7AD1191}.Release|Any CPU.Build.0 = Release|Any CPU
		{C1311942-D9DA-4F5F-8976-A12437E2A27C}.Debug|Any CPU.ActiveCfg = Debug|Any CPU
		{C1311942-D9DA-4F5F-8976-A12437E2A27C}.Debug|Any CPU.Build.0 = Debug|Any CPU
		{C1311942-D9DA-4F5F-8976-A12437E2A27C}.Release|Any CPU.ActiveCfg = Release|Any CPU
		{C1311942-D9DA-4F5F-8976-A12437E2A27C}.Release|Any CPU.Build.0 = Release|Any CPU
		{B83EC8DC-979E-4134-85A6-F8C3BB8466F4}.Debug|Any CPU.ActiveCfg = Debug|Any CPU
		{B83EC8DC-979E-4134-85A6-F8C3BB8466F4}.Debug|Any CPU.Build.0 = Debug|Any CPU
		{B83EC8DC-979E-4134-85A6-F8C3BB8466F4}.Release|Any CPU.ActiveCfg = Release|Any CPU
		{B83EC8DC-979E-4134-85A6-F8C3BB8466F4}.Release|Any CPU.Build.0 = Release|Any CPU
		{12372498-641D-4174-8898-324041878FF6}.Debug|Any CPU.ActiveCfg = Debug|Any CPU
		{12372498-641D-4174-8898-324041878FF6}.Debug|Any CPU.Build.0 = Debug|Any CPU
		{12372498-641D-4174-8898-324041878FF6}.Release|Any CPU.ActiveCfg = Release|Any CPU
		{12372498-641D-4174-8898-324041878FF6}.Release|Any CPU.Build.0 = Release|Any CPU
		{99274AF5-0280-474F-AE10-2B7CCE7D5BBE}.Debug|Any CPU.ActiveCfg = Debug|Any CPU
		{99274AF5-0280-474F-AE10-2B7CCE7D5BBE}.Debug|Any CPU.Build.0 = Debug|Any CPU
		{99274AF5-0280-474F-AE10-2B7CCE7D5BBE}.Release|Any CPU.ActiveCfg = Release|Any CPU
		{99274AF5-0280-474F-AE10-2B7CCE7D5BBE}.Release|Any CPU.Build.0 = Release|Any CPU
		{5D6EC4F8-6CC8-4873-A1BD-641CA42B3E05}.Debug|Any CPU.ActiveCfg = Debug|Any CPU
		{5D6EC4F8-6CC8-4873-A1BD-641CA42B3E05}.Debug|Any CPU.Build.0 = Debug|Any CPU
		{5D6EC4F8-6CC8-4873-A1BD-641CA42B3E05}.Release|Any CPU.ActiveCfg = Release|Any CPU
		{5D6EC4F8-6CC8-4873-A1BD-641CA42B3E05}.Release|Any CPU.Build.0 = Release|Any CPU
		{E185E309-8236-41C5-9732-02CBBCDF240E}.Debug|Any CPU.ActiveCfg = Debug|Any CPU
		{E185E309-8236-41C5-9732-02CBBCDF240E}.Debug|Any CPU.Build.0 = Debug|Any CPU
		{E185E309-8236-41C5-9732-02CBBCDF240E}.Release|Any CPU.ActiveCfg = Release|Any CPU
		{E185E309-8236-41C5-9732-02CBBCDF240E}.Release|Any CPU.Build.0 = Release|Any CPU
		{7893263D-4E59-4C16-AB16-7915D084D066}.Debug|Any CPU.ActiveCfg = Debug|Any CPU
		{7893263D-4E59-4C16-AB16-7915D084D066}.Debug|Any CPU.Build.0 = Debug|Any CPU
		{7893263D-4E59-4C16-AB16-7915D084D066}.Release|Any CPU.ActiveCfg = Release|Any CPU
		{7893263D-4E59-4C16-AB16-7915D084D066}.Release|Any CPU.Build.0 = Release|Any CPU
		{C2C00F16-EABD-440D-97EC-01EA16595CA4}.Debug|Any CPU.ActiveCfg = Debug|Any CPU
		{C2C00F16-EABD-440D-97EC-01EA16595CA4}.Debug|Any CPU.Build.0 = Debug|Any CPU
		{C2C00F16-EABD-440D-97EC-01EA16595CA4}.Release|Any CPU.ActiveCfg = Release|Any CPU
		{C2C00F16-EABD-440D-97EC-01EA16595CA4}.Release|Any CPU.Build.0 = Release|Any CPU
		{43A56EF1-4AD2-4391-971F-E29F0387F13D}.Debug|Any CPU.ActiveCfg = Debug|Any CPU
		{43A56EF1-4AD2-4391-971F-E29F0387F13D}.Debug|Any CPU.Build.0 = Debug|Any CPU
		{43A56EF1-4AD2-4391-971F-E29F0387F13D}.Release|Any CPU.ActiveCfg = Release|Any CPU
		{43A56EF1-4AD2-4391-971F-E29F0387F13D}.Release|Any CPU.Build.0 = Release|Any CPU
		{41D335BC-2AB3-4A75-A52B-84BB839E55FB}.Debug|Any CPU.ActiveCfg = Debug|Any CPU
		{41D335BC-2AB3-4A75-A52B-84BB839E55FB}.Debug|Any CPU.Build.0 = Debug|Any CPU
		{41D335BC-2AB3-4A75-A52B-84BB839E55FB}.Release|Any CPU.ActiveCfg = Release|Any CPU
		{41D335BC-2AB3-4A75-A52B-84BB839E55FB}.Release|Any CPU.Build.0 = Release|Any CPU
		{C5020FFF-4B70-44ED-BF5A-B0A09EE0217C}.Debug|Any CPU.ActiveCfg = Debug|Any CPU
		{C5020FFF-4B70-44ED-BF5A-B0A09EE0217C}.Debug|Any CPU.Build.0 = Debug|Any CPU
		{C5020FFF-4B70-44ED-BF5A-B0A09EE0217C}.Release|Any CPU.ActiveCfg = Release|Any CPU
		{C5020FFF-4B70-44ED-BF5A-B0A09EE0217C}.Release|Any CPU.Build.0 = Release|Any CPU
	EndGlobalSection
	GlobalSection(SolutionProperties) = preSolution
		HideSolutionNode = FALSE
	EndGlobalSection
	GlobalSection(ExtensibilityGlobals) = postSolution
		SolutionGuid = {F9AD9964-5075-4BC7-B5C5-6619DAAD306E}
	EndGlobalSection
EndGlobal
